
Microsoft Visual Studio Solution File, Format Version 12.00
# Visual Studio Version 16
VisualStudioVersion = 16.0.30517.126
MinimumVisualStudioVersion = 10.0.40219.1
Project("{FAE04EC0-301F-11D3-BF4B-00C04F79EFBC}") = "BasicCSharp", "BasicCSharp.csproj", "{65B022CE-7ACC-4ED4-AD30-A67517A03115}"
EndProject
Global
	GlobalSection(SolutionConfigurationPlatforms) = preSolution
		Debug|Any CPU = Debug|Any CPU
		Release|Any CPU = Release|Any CPU
	EndGlobalSection
	GlobalSection(ProjectConfigurationPlatforms) = postSolution
		{65B022CE-7ACC-4ED4-AD30-A67517A03115}.Debug|Any CPU.ActiveCfg = Debug|Any CPU
		{65B022CE-7ACC-4ED4-AD30-A67517A03115}.Debug|Any CPU.Build.0 = Debug|Any CPU
		{65B022CE-7ACC-4ED4-AD30-A67517A03115}.Release|Any CPU.ActiveCfg = Release|Any CPU
		{65B022CE-7ACC-4ED4-AD30-A67517A03115}.Release|Any CPU.Build.0 = Release|Any CPU
	EndGlobalSection
	GlobalSection(SolutionProperties) = preSolution
		HideSolutionNode = FALSE
	EndGlobalSection
	GlobalSection(ExtensibilityGlobals) = postSolution
		SolutionGuid = {C51BF52D-7455-4355-833A-8C03266E6B52}
	EndGlobalSection
EndGlobal
